<?xml version="1.0" encoding="utf-8"?>
<Project ToolsVersion="4.0" xmlns="http://schemas.microsoft.com/developer/msbuild/2003">
  <ItemGroup>
    <Filter Include="Source Files">
      <UniqueIdentifier>{4FC737F1-C7A5-4376-A066-2A32D752A2FF}</UniqueIdentifier>
      <Extensions>cpp;c;cc;cxx;def;odl;idl;hpj;bat;asm;asmx</Extensions>
    </Filter>
    <Filter Include="Header Files">
      <UniqueIdentifier>{93995380-89BD-4b04-88EB-625FBE52EBFB}</UniqueIdentifier>
      <Extensions>h;hh;hpp;hxx;hm;inl;inc;xsd</Extensions>
    </Filter>
    <Filter Include="Hoba">
      <UniqueIdentifier>{67DA6AB6-F800-4c08-8B7A-83BB121AAD01}</UniqueIdentifier>
      <Extensions>rc;ico;cur;bmp;dlg;rc2;rct;bin;rgs;gif;jpg;jpeg;jpe;resx;tiff;tif;png;wav;mfcribbon-ms</Extensions>
    </Filter>
    <Filter Include="Hoba\Base">
      <UniqueIdentifier>{bf404409-de18-4f0c-b775-889f22e98eff}</UniqueIdentifier>
    </Filter>
    <Filter Include="Hoba\Common">
      <UniqueIdentifier>{47217377-854f-42e5-a448-feca437e35d7}</UniqueIdentifier>
    </Filter>
    <Filter Include="Hoba\Platform">
      <UniqueIdentifier>{d11a17da-e9da-4c32-b507-956de69a0bdc}</UniqueIdentifier>
    </Filter>
    <Filter Include="Hoba\updatelib">
      <UniqueIdentifier>{7dc35f3f-0976-467d-a6b8-bc678f02b799}</UniqueIdentifier>
    </Filter>
  </ItemGroup>
  <ItemGroup>
    <ClCompile Include="OBBPacker.cpp">
      <Filter>Source Files</Filter>
    </ClCompile>
    <ClCompile Include="..\..\..\Engine\lib_hoba\source\Base\A3DCollision.cpp">
      <Filter>Hoba\Base</Filter>
    </ClCompile>
    <ClCompile Include="..\..\..\Engine\lib_hoba\source\Base\A3DFuncs.cpp">
      <Filter>Hoba\Base</Filter>
    </ClCompile>
    <ClCompile Include="..\..\..\Engine\lib_hoba\source\Base\A3DGeometry.cpp">
      <Filter>Hoba\Base</Filter>
    </ClCompile>
    <ClCompile Include="..\..\..\Engine\lib_hoba\source\Base\A3DMatrix.cpp">
      <Filter>Hoba\Base</Filter>
    </ClCompile>
    <ClCompile Include="..\..\..\Engine\lib_hoba\source\Base\A3DQuaternion.cpp">
      <Filter>Hoba\Base</Filter>
    </ClCompile>
    <ClCompile Include="..\..\..\Engine\lib_hoba\source\Base\A3DTrace.cpp">
      <Filter>Hoba\Base</Filter>
    </ClCompile>
    <ClCompile Include="..\..\..\Engine\lib_hoba\source\Base\AAssist.cpp">
      <Filter>Hoba\Base</Filter>
    </ClCompile>
    <ClCompile Include="..\..\..\Engine\lib_hoba\source\Base\AFI.cpp">
      <Filter>Hoba\Base</Filter>
    </ClCompile>
    <ClCompile Include="..\..\..\Engine\lib_hoba\source\Base\AFile.cpp">
      <Filter>Hoba\Base</Filter>
    </ClCompile>
    <ClCompile Include="..\..\..\Engine\lib_hoba\source\Base\AFileImage.cpp">
      <Filter>Hoba\Base</Filter>
    </ClCompile>
    <ClCompile Include="..\..\..\Engine\lib_hoba\source\Base\AFilePackage.cpp">
      <Filter>Hoba\Base</Filter>
    </ClCompile>
    <ClCompile Include="..\..\..\Engine\lib_hoba\source\Base\AFilePackBase.cpp">
      <Filter>Hoba\Base</Filter>
    </ClCompile>
    <ClCompile Include="..\..\..\Engine\lib_hoba\source\Base\AFilePackGame.cpp">
      <Filter>Hoba\Base</Filter>
    </ClCompile>
    <ClCompile Include="..\..\..\Engine\lib_hoba\source\Base\AFilePackMan.cpp">
      <Filter>Hoba\Base</Filter>
    </ClCompile>
    <ClCompile Include="..\..\..\Engine\lib_hoba\source\Base\AFramework.cpp">
      <Filter>Hoba\Base</Filter>
    </ClCompile>
    <ClCompile Include="..\..\..\Engine\lib_hoba\source\Base\ALog.cpp">
      <Filter>Hoba\Base</Filter>
    </ClCompile>
    <ClCompile Include="..\..\..\Engine\lib_hoba\source\Base\AString.cpp">
      <Filter>Hoba\Base</Filter>
    </ClCompile>
    <ClCompile Include="..\..\..\Engine\lib_hoba\source\Base\ASys.cpp">
      <Filter>Hoba\Base</Filter>
    </ClCompile>
    <ClCompile Include="..\..\..\Engine\lib_hoba\source\Base\ASysCodeCvt.cpp">
      <Filter>Hoba\Base</Filter>
    </ClCompile>
    <ClCompile Include="..\..\..\Engine\lib_hoba\source\Base\ASysThread.cpp">
      <Filter>Hoba\Base</Filter>
    </ClCompile>
    <ClCompile Include="..\..\..\Engine\lib_hoba\csshare\Common\CMd5Hash.cpp">
      <Filter>Hoba\Common</Filter>
    </ClCompile>
    <ClCompile Include="..\..\..\Engine\lib_hoba\csshare\Common\elementpckdir.cpp">
      <Filter>Hoba\Common</Filter>
    </ClCompile>
    <ClCompile Include="..\..\..\Engine\lib_hoba\updatelib\FileOperate.cpp">
      <Filter>Hoba\updatelib</Filter>
    </ClCompile>
    <ClCompile Include="..\..\..\Engine\lib_hoba\updatelib\VersionMan.cpp">
      <Filter>Hoba\updatelib</Filter>
    </ClCompile>
    <ClCompile Include="..\..\..\Engine\lib_hoba\source\Platform\Windows\AWinMemDbg.cpp">
      <Filter>Hoba\Platform</Filter>
    </ClCompile>
    <ClCompile Include="..\..\..\Engine\lib_hoba\source\Platform\Windows\AWinMiniDump.cpp">
      <Filter>Hoba\Platform</Filter>
    </ClCompile>
    <ClCompile Include="..\..\..\Engine\lib_hoba\source\Platform\Windows\AWinSys.cpp">
      <Filter>Hoba\Platform</Filter>
    </ClCompile>
  </ItemGroup>
  <ItemGroup>
    <ClInclude Include="OBBPacker.h">
      <Filter>Header Files</Filter>
    </ClInclude>
    <ClInclude Include="..\..\..\Engine\lib_hoba\source\Base\A3D.h">
      <Filter>Hoba\Base</Filter>
    </ClInclude>
    <ClInclude Include="..\..\..\Engine\lib_hoba\source\Base\A3DCollision.h">
      <Filter>Hoba\Base</Filter>
    </ClInclude>
    <ClInclude Include="..\..\..\Engine\lib_hoba\source\Base\A3DFuncs.h">
      <Filter>Hoba\Base</Filter>
    </ClInclude>
    <ClInclude Include="..\..\..\Engine\lib_hoba\source\Base\A3DGeometry.h">
      <Filter>Hoba\Base</Filter>
    </ClInclude>
    <ClInclude Include="..\..\..\Engine\lib_hoba\source\Base\A3DMacros.h">
      <Filter>Hoba\Base</Filter>
    </ClInclude>
    <ClInclude Include="..\..\..\Engine\lib_hoba\source\Base\A3DMatrix.h">
      <Filter>Hoba\Base</Filter>
    </ClInclude>
    <ClInclude Include="..\..\..\Engine\lib_hoba\source\Base\A3DQuaternion.h">
      <Filter>Hoba\Base</Filter>
    </ClInclude>
    <ClInclude Include="..\..\..\Engine\lib_hoba\source\Base\A3DTrace.h">
      <Filter>Hoba\Base</Filter>
    </ClInclude>
    <ClInclude Include="..\..\..\Engine\lib_hoba\source\Base\A3DTypes.h">
      <Filter>Hoba\Base</Filter>
    </ClInclude>
    <ClInclude Include="..\..\..\Engine\lib_hoba\source\Base\A3DVector.h">
      <Filter>Hoba\Base</Filter>
    </ClInclude>
    <ClInclude Include="..\..\..\Engine\lib_hoba\source\Base\AAssist.h">
      <Filter>Hoba\Base</Filter>
    </ClInclude>
    <ClInclude Include="..\..\..\Engine\lib_hoba\source\Base\ACounter.h">
      <Filter>Hoba\Base</Filter>
    </ClInclude>
    <ClInclude Include="..\..\..\Engine\lib_hoba\source\Base\af.h">
      <Filter>Hoba\Base</Filter>
    </ClInclude>
    <ClInclude Include="..\..\..\Engine\lib_hoba\source\Base\AFI.h">
      <Filter>Hoba\Base</Filter>
    </ClInclude>
    <ClInclude Include="..\..\..\Engine\lib_hoba\source\Base\AFile.h">
      <Filter>Hoba\Base</Filter>
    </ClInclude>
    <ClInclude Include="..\..\..\Engine\lib_hoba\source\Base\AFileImage.h">
      <Filter>Hoba\Base</Filter>
    </ClInclude>
    <ClInclude Include="..\..\..\Engine\lib_hoba\source\Base\AFilePackage.h">
      <Filter>Hoba\Base</Filter>
    </ClInclude>
    <ClInclude Include="..\..\..\Engine\lib_hoba\source\Base\AFilePackBase.h">
      <Filter>Hoba\Base</Filter>
    </ClInclude>
    <ClInclude Include="..\..\..\Engine\lib_hoba\source\Base\AFilePackGame.h">
      <Filter>Hoba\Base</Filter>
    </ClInclude>
    <ClInclude Include="..\..\..\Engine\lib_hoba\source\Base\AFilePackMan.h">
      <Filter>Hoba\Base</Filter>
    </ClInclude>
    <ClInclude Include="..\..\..\Engine\lib_hoba\source\Base\AFPI.h">
      <Filter>Hoba\Base</Filter>
    </ClInclude>
    <ClInclude Include="..\..\..\Engine\lib_hoba\source\Base\AFramework.h">
      <Filter>Hoba\Base</Filter>
    </ClInclude>
    <ClInclude Include="..\..\..\Engine\lib_hoba\source\Base\ALine.h">
      <Filter>Hoba\Base</Filter>
    </ClInclude>
    <ClInclude Include="..\..\..\Engine\lib_hoba\source\Base\ALock.h">
      <Filter>Hoba\Base</Filter>
    </ClInclude>
    <ClInclude Include="..\..\..\Engine\lib_hoba\source\Base\ALog.h">
      <Filter>Hoba\Base</Filter>
    </ClInclude>
    <ClInclude Include="..\..\..\Engine\lib_hoba\source\Base\APoint.h">
      <Filter>Hoba\Base</Filter>
    </ClInclude>
    <ClInclude Include="..\..\..\Engine\lib_hoba\source\Base\ARect.h">
      <Filter>Hoba\Base</Filter>
    </ClInclude>
    <ClInclude Include="..\..\..\Engine\lib_hoba\source\Base\AString.h">
      <Filter>Hoba\Base</Filter>
    </ClInclude>
    <ClInclude Include="..\..\..\Engine\lib_hoba\source\Base\ASys.h">
      <Filter>Hoba\Base</Filter>
    </ClInclude>
    <ClInclude Include="..\..\..\Engine\lib_hoba\source\Base\ASysCodeCvt.h">
      <Filter>Hoba\Base</Filter>
    </ClInclude>
    <ClInclude Include="..\..\..\Engine\lib_hoba\source\Base\ASysSync.h">
      <Filter>Hoba\Base</Filter>
    </ClInclude>
    <ClInclude Include="..\..\..\Engine\lib_hoba\source\Base\ASysThread.h">
      <Filter>Hoba\Base</Filter>
    </ClInclude>
    <ClInclude Include="..\..\..\Engine\lib_hoba\source\Base\ATempMemBuffer.h">
      <Filter>Hoba\Base</Filter>
    </ClInclude>
    <ClInclude Include="..\..\..\Engine\lib_hoba\source\Base\ATypes.h">
      <Filter>Hoba\Base</Filter>
    </ClInclude>
    <ClInclude Include="..\..\..\Engine\lib_hoba\source\Base\base.h">
      <Filter>Hoba\Base</Filter>
    </ClInclude>
    <ClInclude Include="..\..\..\Engine\lib_hoba\source\Base\compileconfig.h">
      <Filter>Hoba\Base</Filter>
    </ClInclude>
    <ClInclude Include="..\..\..\Engine\lib_hoba\source\Base\function.h">
      <Filter>Hoba\Base</Filter>
    </ClInclude>
    <ClInclude Include="..\..\..\Engine\lib_hoba\source\Base\stringext.h">
      <Filter>Hoba\Base</Filter>
    </ClInclude>
    <ClInclude Include="..\..\..\Engine\lib_hoba\csshare\Common\CMd5Hash.h">
      <Filter>Hoba\Common</Filter>
    </ClInclude>
    <ClInclude Include="..\..\..\Engine\lib_hoba\csshare\Common\elementpckdir.h">
      <Filter>Hoba\Common</Filter>
    </ClInclude>
    <ClInclude Include="..\..\..\Engine\lib_hoba\updatelib\FileOperate.h">
      <Filter>Hoba\updatelib</Filter>
    </ClInclude>
    <ClInclude Include="..\..\..\Engine\lib_hoba\updatelib\VersionMan.h">
      <Filter>Hoba\updatelib</Filter>
    </ClInclude>
    <ClInclude Include="..\..\..\Engine\lib_hoba\source\Platform\Windows\AWinMemDbg.h">
      <Filter>Hoba\Platform</Filter>
    </ClInclude>
    <ClInclude Include="..\..\..\Engine\lib_hoba\source\Platform\Windows\AWinMiniDump.h">
      <Filter>Hoba\Platform</Filter>
    </ClInclude>
  </ItemGroup>
</Project>