
Microsoft Visual Studio Solution File, Format Version 12.00
# Visual Studio 14
VisualStudioVersion = 14.0.25420.1
MinimumVisualStudioVersion = 10.0.40219.1
Project("{8BC9CEB8-8B4A-11D0-8D11-00A0C91BC942}") = "HobaPackToolsCommand", "HobaPackToolsCommand\HobaPackToolsCommand.vcxproj", "{282B807F-D2AF-4CCF-8788-45C2007E312C}"
EndProject
Project("{8BC9CEB8-8B4A-11D0-8D11-00A0C91BC942}") = "JupUnpack", "JupUnpack\JupUnpack.vcxproj", "{D18843BF-BC2C-485B-B106-3485B6CAA0F1}"
EndProject
Project("{8BC9CEB8-8B4A-11D0-8D11-00A0C91BC942}") = "JupUnpackToDir", "JupUnpackToDir\JupUnpackToDir.vcxproj", "{A9F25413-4F27-4F55-B907-31DF499E5ACF}"
EndProject
Project("{8BC9CEB8-8B4A-11D0-8D11-00A0C91BC942}") = "OBBPacker", "OBBPacker\OBBPacker.vcxproj", "{43C01ACA-3128-474D-9AA7-536E9EBDC88D}"
EndProject
Project("{8BC9CEB8-8B4A-11D0-8D11-00A0C91BC942}") = "OBBUnpack", "OBBUnpack\OBBUnpack.vcxproj", "{986569A3-C461-42E5-92A8-EC6BAA903E96}"
EndProject
Project("{8BC9CEB8-8B4A-11D0-8D11-00A0C91BC942}") = "PATHIDCompare", "PATHIDCompare\PATHIDCompare.vcxproj", "{13E22368-E90A-4B9A-9857-D7CBD7D250E8}"
EndProject
Project("{8BC9CEB8-8B4A-11D0-8D11-00A0C91BC942}") = "MetaChecker", "MetaChecker\MetaChecker.vcxproj", "{E4425C7B-F675-4553-A213-D06978651A18}"
EndProject
Project("{8BC9CEB8-8B4A-11D0-8D11-00A0C91BC942}") = "PATHIDCheck", "PATHIDCheck\PATHIDCheck.vcxproj", "{5916C020-EB8F-40DD-A86E-3798AD85CD00}"
EndProject
Project("{8BC9CEB8-8B4A-11D0-8D11-00A0C91BC942}") = "Test7z", "Test7z\Test7z.vcxproj", "{1FF507D8-EE63-4C78-81D9-67F6734E111F}"
EndProject
Global
	GlobalSection(SolutionConfigurationPlatforms) = preSolution
		Debug|x64 = Debug|x64
		Debug|x86 = Debug|x86
		Release|x64 = Release|x64
		Release|x86 = Release|x86
	EndGlobalSection
	GlobalSection(ProjectConfigurationPlatforms) = postSolution
		{282B807F-D2AF-4CCF-8788-45C2007E312C}.Debug|x64.ActiveCfg = Debug|x64
		{282B807F-D2AF-4CCF-8788-45C2007E312C}.Debug|x64.Build.0 = Debug|x64
		{282B807F-D2AF-4CCF-8788-45C2007E312C}.Debug|x86.ActiveCfg = Debug|Win32
		{282B807F-D2AF-4CCF-8788-45C2007E312C}.Debug|x86.Build.0 = Debug|Win32
		{282B807F-D2AF-4CCF-8788-45C2007E312C}.Release|x64.ActiveCfg = Release|x64
		{282B807F-D2AF-4CCF-8788-45C2007E312C}.Release|x64.Build.0 = Release|x64
		{282B807F-D2AF-4CCF-8788-45C2007E312C}.Release|x86.ActiveCfg = Release|Win32
		{282B807F-D2AF-4CCF-8788-45C2007E312C}.Release|x86.Build.0 = Release|Win32
		{D18843BF-BC2C-485B-B106-3485B6CAA0F1}.Debug|x64.ActiveCfg = Debug|x64
		{D18843BF-BC2C-485B-B106-3485B6CAA0F1}.Debug|x64.Build.0 = Debug|x64
		{D18843BF-BC2C-485B-B106-3485B6CAA0F1}.Debug|x86.ActiveCfg = Debug|Win32
		{D18843BF-BC2C-485B-B106-3485B6CAA0F1}.Debug|x86.Build.0 = Debug|Win32
		{D18843BF-BC2C-485B-B106-3485B6CAA0F1}.Release|x64.ActiveCfg = Release|x64
		{D18843BF-BC2C-485B-B106-3485B6CAA0F1}.Release|x64.Build.0 = Release|x64
		{D18843BF-BC2C-485B-B106-3485B6CAA0F1}.Release|x86.ActiveCfg = Release|Win32
		{D18843BF-BC2C-485B-B106-3485B6CAA0F1}.Release|x86.Build.0 = Release|Win32
		{A9F25413-4F27-4F55-B907-31DF499E5ACF}.Debug|x64.ActiveCfg = Debug|x64
		{A9F25413-4F27-4F55-B907-31DF499E5ACF}.Debug|x64.Build.0 = Debug|x64
		{A9F25413-4F27-4F55-B907-31DF499E5ACF}.Debug|x86.ActiveCfg = Debug|Win32
		{A9F25413-4F27-4F55-B907-31DF499E5ACF}.Debug|x86.Build.0 = Debug|Win32
		{A9F25413-4F27-4F55-B907-31DF499E5ACF}.Release|x64.ActiveCfg = Release|x64
		{A9F25413-4F27-4F55-B907-31DF499E5ACF}.Release|x64.Build.0 = Release|x64
		{A9F25413-4F27-4F55-B907-31DF499E5ACF}.Release|x86.ActiveCfg = Release|Win32
		{A9F25413-4F27-4F55-B907-31DF499E5ACF}.Release|x86.Build.0 = Release|Win32
		{43C01ACA-3128-474D-9AA7-536E9EBDC88D}.Debug|x64.ActiveCfg = Debug|x64
		{43C01ACA-3128-474D-9AA7-536E9EBDC88D}.Debug|x64.Build.0 = Debug|x64
		{43C01ACA-3128-474D-9AA7-536E9EBDC88D}.Debug|x86.ActiveCfg = Debug|Win32
		{43C01ACA-3128-474D-9AA7-536E9EBDC88D}.Debug|x86.Build.0 = Debug|Win32
		{43C01ACA-3128-474D-9AA7-536E9EBDC88D}.Release|x64.ActiveCfg = Release|x64
		{43C01ACA-3128-474D-9AA7-536E9EBDC88D}.Release|x64.Build.0 = Release|x64
		{43C01ACA-3128-474D-9AA7-536E9EBDC88D}.Release|x86.ActiveCfg = Release|Win32
		{43C01ACA-3128-474D-9AA7-536E9EBDC88D}.Release|x86.Build.0 = Release|Win32
		{986569A3-C461-42E5-92A8-EC6BAA903E96}.Debug|x64.ActiveCfg = Debug|x64
		{986569A3-C461-42E5-92A8-EC6BAA903E96}.Debug|x64.Build.0 = Debug|x64
		{986569A3-C461-42E5-92A8-EC6BAA903E96}.Debug|x86.ActiveCfg = Debug|Win32
		{986569A3-C461-42E5-92A8-EC6BAA903E96}.Debug|x86.Build.0 = Debug|Win32
		{986569A3-C461-42E5-92A8-EC6BAA903E96}.Release|x64.ActiveCfg = Release|x64
		{986569A3-C461-42E5-92A8-EC6BAA903E96}.Release|x64.Build.0 = Release|x64
		{986569A3-C461-42E5-92A8-EC6BAA903E96}.Release|x86.ActiveCfg = Release|Win32
		{986569A3-C461-42E5-92A8-EC6BAA903E96}.Release|x86.Build.0 = Release|Win32
		{13E22368-E90A-4B9A-9857-D7CBD7D250E8}.Debug|x64.ActiveCfg = Debug|x64
		{13E22368-E90A-4B9A-9857-D7CBD7D250E8}.Debug|x64.Build.0 = Debug|x64
		{13E22368-E90A-4B9A-9857-D7CBD7D250E8}.Debug|x86.ActiveCfg = Debug|Win32
		{13E22368-E90A-4B9A-9857-D7CBD7D250E8}.Debug|x86.Build.0 = Debug|Win32
		{13E22368-E90A-4B9A-9857-D7CBD7D250E8}.Release|x64.ActiveCfg = Release|x64
		{13E22368-E90A-4B9A-9857-D7CBD7D250E8}.Release|x64.Build.0 = Release|x64
		{13E22368-E90A-4B9A-9857-D7CBD7D250E8}.Release|x86.ActiveCfg = Release|Win32
		{13E22368-E90A-4B9A-9857-D7CBD7D250E8}.Release|x86.Build.0 = Release|Win32
		{E4425C7B-F675-4553-A213-D06978651A18}.Debug|x64.ActiveCfg = Debug|x64
		{E4425C7B-F675-4553-A213-D06978651A18}.Debug|x64.Build.0 = Debug|x64
		{E4425C7B-F675-4553-A213-D06978651A18}.Debug|x86.ActiveCfg = Debug|Win32
		{E4425C7B-F675-4553-A213-D06978651A18}.Debug|x86.Build.0 = Debug|Win32
		{E4425C7B-F675-4553-A213-D06978651A18}.Release|x64.ActiveCfg = Release|x64
		{E4425C7B-F675-4553-A213-D06978651A18}.Release|x64.Build.0 = Release|x64
		{E4425C7B-F675-4553-A213-D06978651A18}.Release|x86.ActiveCfg = Release|Win32
		{E4425C7B-F675-4553-A213-D06978651A18}.Release|x86.Build.0 = Release|Win32
		{5916C020-EB8F-40DD-A86E-3798AD85CD00}.Debug|x64.ActiveCfg = Debug|x64
		{5916C020-EB8F-40DD-A86E-3798AD85CD00}.Debug|x64.Build.0 = Debug|x64
		{5916C020-EB8F-40DD-A86E-3798AD85CD00}.Debug|x86.ActiveCfg = Debug|Win32
		{5916C020-EB8F-40DD-A86E-3798AD85CD00}.Debug|x86.Build.0 = Debug|Win32
		{5916C020-EB8F-40DD-A86E-3798AD85CD00}.Release|x64.ActiveCfg = Release|x64
		{5916C020-EB8F-40DD-A86E-3798AD85CD00}.Release|x64.Build.0 = Release|x64
		{5916C020-EB8F-40DD-A86E-3798AD85CD00}.Release|x86.ActiveCfg = Release|Win32
		{5916C020-EB8F-40DD-A86E-3798AD85CD00}.Release|x86.Build.0 = Release|Win32
		{1FF507D8-EE63-4C78-81D9-67F6734E111F}.Debug|x64.ActiveCfg = Debug|x64
		{1FF507D8-EE63-4C78-81D9-67F6734E111F}.Debug|x64.Build.0 = Debug|x64
		{1FF507D8-EE63-4C78-81D9-67F6734E111F}.Debug|x86.ActiveCfg = Debug|Win32
		{1FF507D8-EE63-4C78-81D9-67F6734E111F}.Debug|x86.Build.0 = Debug|Win32
		{1FF507D8-EE63-4C78-81D9-67F6734E111F}.Release|x64.ActiveCfg = Release|x64
		{1FF507D8-EE63-4C78-81D9-67F6734E111F}.Release|x64.Build.0 = Release|x64
		{1FF507D8-EE63-4C78-81D9-67F6734E111F}.Release|x86.ActiveCfg = Release|Win32
		{1FF507D8-EE63-4C78-81D9-67F6734E111F}.Release|x86.Build.0 = Release|Win32
	EndGlobalSection
	GlobalSection(SolutionProperties) = preSolution
		HideSolutionNode = FALSE
	EndGlobalSection
EndGlobal
